// !$*UTF8*$!
{
	archiveVersion = 1;
	classes = {
	};
	objectVersion = 46;
	objects = {

/* Begin PBXBuildFile section */
		10B276331B64A6EA007C5FF0 /* main.m in Sources */ = {isa = PBXBuildFile; fileRef = 10B276321B64A6EA007C5FF0 /* main.m */; };
		10B2763B1B64A835007C5FF0 /* Person.m in Sources */ = {isa = PBXBuildFile; fileRef = 10B2763A1B64A835007C5FF0 /* Person.m */; };
/* End PBXBuildFile section */

/* Begin PBXCopyFilesBuildPhase section */
		10B2762D1B64A6EA007C5FF0 /* CopyFiles */ = {
			isa = PBXCopyFilesBuildPhase;
			buildActionMask = 2147483647;
			dstPath = /usr/share/man/man1/;
			dstSubfolderSpec = 0;
			files = (
			);
			runOnlyForDeploymentPostprocessing = 1;
		};
/* End PBXCopyFilesBuildPhase section */

/* Begin PBXFileReference section */
		10B2762F1B64A6EA007C5FF0 /* LearnNSInvocation */ = {isa = PBXFileReference; explicitFileType = "compiled.mach-o.executable"; includeInIndex = 0; path = LearnNSInvocation; sourceTree = BUILT_PRODUCTS_DIR; };
		10B276321B64A6EA007C5FF0 /* main.m */ = {isa = PBXFileReference; lastKnownFileType = sourcecode.c.objc; path = main.m; sourceTree = "<group>"; };
		10B276391B64A835007C5FF0 /* Person.h */ = {isa = PBXFileReference; fileEncoding = 4; lastKnownFileType = sourcecode.c.h; path = Person.h; sourceTree = "<group>"; };
		10B2763A1B64A835007C5FF0 /* Person.m */ = {isa = PBXFileReference; fileEncoding = 4; lastKnownFileType = sourcecode.c.objc; path = Person.m; sourceTree = "<group>"; };
/* End PBXFileReference section */

/* Begin PBXFrameworksBuildPhase section */
		10B2762C1B64A6EA007C5FF0 /* Frameworks */ = {
			isa = PBXFrameworksBuildPhase;
			buildActionMask = 2147483647;
			files = (
			);
			runOnlyForDeploymentPostprocessing = 0;
		};
/* End PBXFrameworksBuildPhase section */

/* Begin PBXGroup section */
		10B276261B64A6EA007C5FF0 = {
			isa = PBXGroup;
			children = (
				10B276311B64A6EA007C5FF0 /* LearnNSInvocation */,
				10B276301B64A6EA007C5FF0 /* Products */,
			);
			sourceTree = "<group>";
		};
		10B276301B64A6EA007C5FF0 /* Products */ = {
			isa = PBXGroup;
			children = (
				10B2762F1B64A6EA007C5FF0 /* LearnNSInvocation */,
			);
			name = Products;
			sourceTree = "<group>";
		};
		10B276311B64A6EA007C5FF0 /* LearnNSInvocation */ = {
			isa = PBXGroup;
			children = (
				10B276321B64A6EA007C5FF0 /* main.m */,
				10B276391B64A835007C5FF0 /* Person.h */,
				10B2763A1B64A835007C5FF0 /* Person.m */,
			);
			path = LearnNSInvocation;
			sourceTree = "<group>";
		};
/* End PBXGroup section */

/* Begin PBXNativeTarget section */
		10B2762E1B64A6EA007C5FF0 /* LearnNSInvocation */ = {
			isa = PBXNativeTarget;
			buildConfigurationList = 10B276361B64A6EA007C5FF0 /* Build configuration list for PBXNativeTarget "LearnNSInvocation" */;
			buildPhases = (
				10B2762B1B64A6EA007C5FF0 /* Sources */,
				10B2762C1B64A6EA007C5FF0 /* Frameworks */,
				10B2762D1B64A6EA007C5FF0 /* CopyFiles */,
			);
			buildRules = (
			);
			dependencies = (
			);
			name = LearnNSInvocation;
			productName = LearnNSInvocation;
			productReference = 10B2762F1B64A6EA007C5FF0 /* LearnNSInvocation */;
			productType = "com.apple.product-type.tool";
		};
/* End PBXNativeTarget section */

/* Begin PBXProject section */
		10B276271B64A6EA007C5FF0 /* Project object */ = {
			isa = PBXProject;
			attributes = {
				LastUpgradeCheck = 0640;
				ORGANIZATIONNAME = zhaoguoteng;
				TargetAttributes = {
					10B2762E1B64A6EA007C5FF0 = {
						CreatedOnToolsVersion = 6.4;
					};
				};
			};
			buildConfigurationList = 10B2762A1B64A6EA007C5FF0 /* Build configuration list for PBXProject "LearnNSInvocation" */;
			compatibilityVersion = "Xcode 3.2";
			developmentRegion = English;
			hasScannedForEncodings = 0;
			knownRegions = (
				en,
			);
			mainGroup = 10B276261B64A6EA007C5FF0;
			productRefGroup = 10B276301B64A6EA007C5FF0 /* Products */;
			projectDirPath = "";
			projectRoot = "";
			targets = (
				10B2762E1B64A6EA007C5FF0 /* LearnNSInvocation */,
			);
		};
/* End PBXProject section */

/* Begin PBXSourcesBuildPhase section */
		10B2762B1B64A6EA007C5FF0 /* Sources */ = {
			isa = PBXSourcesBuildPhase;
			buildActionMask = 2147483647;
			files = (
				10B2763B1B64A835007C5FF0 /* Person.m in Sources */,
				10B276331B64A6EA007C5FF0 /* main.m in Sources */,
			);
			runOnlyForDeploymentPostprocessing = 0;
		};
/* End PBXSourcesBuildPhase section */

/* Begin XCBuildConfiguration section */
		10B276341B64A6EA007C5FF0 /* Debug */ = {
			isa = XCBuildConfiguration;
			buildSettings = {
				ALWAYS_SEARCH_USER_PATHS = NO;
				CLANG_CXX_LANGUAGE_STANDARD = "gnu++0x";
				CLANG_CXX_LIBRARY = "libc++";
				CLANG_ENABLE_MODULES = YES;
				CLANG_ENABLE_OBJC_ARC = YES;
				CLANG_WARN_BOOL_CONVERSION = YES;
				CLANG_WARN_CONSTANT_CONVERSION = YES;
				CLANG_WARN_DIRECT_OBJC_ISA_USAGE = YES_ERROR;
				CLANG_WARN_EMPTY_BODY = YES;
				CLANG_WARN_ENUM_CONVERSION = YES;
				CLANG_WARN_INT_CONVERSION = YES;
				CLANG_WARN_OBJC_ROOT_CLASS = YES_ERROR;
				CLANG_WARN_UNREACHABLE_CODE = YES;
				CLANG_WARN__DUPLICATE_METHOD_MATCH = YES;
				COPY_PHASE_STRIP = NO;
				DEBUG_INFORMATION_FORMAT = dwarf;
				ENABLE_STRICT_OBJC_MSGSEND = YES;
				GCC_C_LANGUAGE_STANDARD = gnu99;
				GCC_DYNAMIC_NO_PIC = NO;
				GCC_NO_COMMON_BLOCKS = YES;
				GCC_OPTIMIZATION_LEVEL = 0;
				GCC_PREPROCESSOR_DEFINITIONS = (
					"DEBUG=1",
					"$(inherited)",
				);
				GCC_SYMBOLS_PRIVATE_EXTERN = NO;
				GCC_WARN_64_TO_32_BIT_CONVERSION = YES;
				GCC_WARN_ABOUT_RETURN_TYPE = YES_ERROR;
				GCC_WARN_UNDECLARED_SELECTOR = YES;
				GCC_WARN_UNINITIALIZED_AUTOS = YES_AGGRESSIVE;
				GCC_WARN_UNUSED_FUNCTION = YES;
				GCC_WARN_UNUSED_VARIABLE = YES;
				MACOSX_DEPLOYMENT_TARGET = 10.10;
				MTL_ENABLE_DEBUG_INFO = YES;
				ONLY_ACTIVE_ARCH = YES;
				SDKROOT = macosx;
			};
			name = Debug;
		};
		10B276351B64A6EA007C5FF0 /* Release */ = {
			isa = XCBuildConfiguration;
			buildSettings = {
				ALWAYS_SEARCH_USER_PATHS = NO;
				CLANG_CXX_LANGUAGE_STANDARD = "gnu++0x";
				CLANG_CXX_LIBRARY = "libc++";
				CLANG_ENABLE_MODULES = YES;
				CLANG_ENABLE_OBJC_ARC = YES;
				CLANG_WARN_BOOL_CONVERSION = YES;
				CLANG_WARN_CONSTANT_CONVERSION = YES;
				CLANG_WARN_DIRECT_OBJC_ISA_USAGE = YES_ERROR;
				CLANG_WARN_EMPTY_BODY = YES;
				CLANG_WARN_ENUM_CONVERSION = YES;
				CLANG_WARN_INT_CONVERSION = YES;
				CLANG_WARN_OBJC_ROOT_CLASS = YES_ERROR;
				CLANG_WARN_UNREACHABLE_CODE = YES;
				CLANG_WARN__DUPLICATE_METHOD_MATCH = YES;
				COPY_PHASE_STRIP = NO;
				DEBUG_INFORMATION_FORMAT = "dwarf-with-dsym";
				ENABLE_NS_ASSERTIONS = NO;
				ENABLE_STRICT_OBJC_MSGSEND = YES;
				GCC_C_LANGUAGE_STANDARD = gnu99;
				GCC_NO_COMMON_BLOCKS = YES;
				GCC_WARN_64_TO_32_BIT_CONVERSION = YES;
				GCC_WARN_ABOUT_RETURN_TYPE = YES_ERROR;
				GCC_WARN_UNDECLARED_SELECTOR = YES;
				GCC_WARN_UNINITIALIZED_AUTOS = YES_AGGRESSIVE;
				GCC_WARN_UNUSED_FUNCTION = YES;
				GCC_WARN_UNUSED_VARIABLE = YES;
				MACOSX_DEPLOYMENT_TARGET = 10.10;
				MTL_ENABLE_DEBUG_INFO = NO;
				SDKROOT = macosx;
			};
			name = Release;
		};
		10B276371B64A6EA007C5FF0 /* Debug */ = {
			isa = XCBuildConfiguration;
			buildSettings = {
				PRODUCT_NAME = "$(TARGET_NAME)";
			};
			name = Debug;
		};
		10B276381B64A6EA007C5FF0 /* Release */ = {
			isa = XCBuildConfiguration;
			buildSettings = {
				PRODUCT_NAME = "$(TARGET_NAME)";
			};
			name = Release;
		};
/* End XCBuildConfiguration section */

/* Begin XCConfigurationList section */
		10B2762A1B64A6EA007C5FF0 /* Build configuration list for PBXProject "LearnNSInvocation" */ = {
			isa = XCConfigurationList;
			buildConfigurations = (
				10B276341B64A6EA007C5FF0 /* Debug */,
				10B276351B64A6EA007C5FF0 /* Release */,
			);
			defaultConfigurationIsVisible = 0;
			defaultConfigurationName = Release;
		};
		10B276361B64A6EA007C5FF0 /* Build configuration list for PBXNativeTarget "LearnNSInvocation" */ = {
			isa = XCConfigurationList;
			buildConfigurations = (
				10B276371B64A6EA007C5FF0 /* Debug */,
				10B276381B64A6EA007C5FF0 /* Release */,
			);
			defaultConfigurationIsVisible = 0;
			defaultConfigurationName = Release;
		};
/* End XCConfigurationList section */
	};
	rootObject = 10B276271B64A6EA007C5FF0 /* Project object */;
}
